
Microsoft Visual Studio Solution File, Format Version 12.00
# Visual Studio Version 16
VisualStudioVersion = 16.0.29519.87
MinimumVisualStudioVersion = 10.0.40219.1
Project("{FAE04EC0-301F-11D3-BF4B-00C04F79EFBC}") = "Numeros", "Numeros.csproj", "{A47F2545-265B-4F8A-B692-C6E7C8F072C3}"
EndProject
Global
	GlobalSection(SolutionConfigurationPlatforms) = preSolution
		Debug|Any CPU = Debug|Any CPU
		Release|Any CPU = Release|Any CPU
	EndGlobalSection
	GlobalSection(ProjectConfigurationPlatforms) = postSolution
		{A47F2545-265B-4F8A-B692-C6E7C8F072C3}.Debug|Any CPU.ActiveCfg = Debug|Any CPU
		{A47F2545-265B-4F8A-B692-C6E7C8F072C3}.Debug|Any CPU.Build.0 = Debug|Any CPU
		{A47F2545-265B-4F8A-B692-C6E7C8F072C3}.Release|Any CPU.ActiveCfg = Release|Any CPU
		{A47F2545-265B-4F8A-B692-C6E7C8F072C3}.Release|Any CPU.Build.0 = Release|Any CPU
	EndGlobalSection
	GlobalSection(SolutionProperties) = preSolution
		HideSolutionNode = FALSE
	EndGlobalSection
	GlobalSection(ExtensibilityGlobals) = postSolution
		SolutionGuid = {E89EFD30-3DBB-4B04-9FE7-904184C54EF7}
	EndGlobalSection
EndGlobal
